// !$*UTF8*$!
{
	archiveVersion = 1;
	classes = {
	};
	objectVersion = 77;
	objects = {

/* Begin PBXBuildFile section */
		2200F9DD2DEB69F100D72CC0 /* FirebaseAnalytics in Frameworks */ = {isa = PBXBuildFile; productRef = 2200F9DC2DEB69F100D72CC0 /* FirebaseAnalytics */; };
		2262AAA02DE0F1DC00FCA52D /* .plist in Resources */ = {isa = PBXBuildFile; fileRef = 2262AA9F2DE0F1DC00FCA52D /* .plist */; };
		2262AAB22DE0F83200FCA52D /* FirebaseAnalyticsWithoutAdIdSupport in Frameworks */ = {isa = PBXBuildFile; productRef = 2262AAB12DE0F83200FCA52D /* FirebaseAnalyticsWithoutAdIdSupport */; };
		2262AAB42DE0F83200FCA52D /* FirebaseAppCheck in Frameworks */ = {isa = PBXBuildFile; productRef = 2262AAB32DE0F83200FCA52D /* FirebaseAppCheck */; };
		2262AAB72DE0F87400FCA52D /* FirebaseFirestore in Frameworks */ = {isa = PBXBuildFile; productRef = 2262AAB62DE0F87400FCA52D /* FirebaseFirestore */; };
/* End PBXBuildFile section */

/* Begin PBXContainerItemProxy section */
		229C33192DD597C0008387FD /* PBXContainerItemProxy */ = {
			isa = PBXContainerItemProxy;
			containerPortal = 229C33032DD597BF008387FD /* Project object */;
			proxyType = 1;
			remoteGlobalIDString = 229C330A2DD597BF008387FD;
			remoteInfo = sarang;
		};
		229C33232DD597C0008387FD /* PBXContainerItemProxy */ = {
			isa = PBXContainerItemProxy;
			containerPortal = 229C33032DD597BF008387FD /* Project object */;
			proxyType = 1;
			remoteGlobalIDString = 229C330A2DD597BF008387FD;
			remoteInfo = sarang;
		};
/* End PBXContainerItemProxy section */

/* Begin PBXFileReference section */
		2262AA9F2DE0F1DC00FCA52D /* .plist */ = {isa = PBXFileReference; lastKnownFileType = text.xml; path = .plist; sourceTree = "<group>"; };
		229C330B2DD597BF008387FD /* sarang.app */ = {isa = PBXFileReference; explicitFileType = wrapper.application; includeInIndex = 0; path = sarang.app; sourceTree = BUILT_PRODUCTS_DIR; };
		229C33182DD597C0008387FD /* sarangTests.xctest */ = {isa = PBXFileReference; explicitFileType = wrapper.cfbundle; includeInIndex = 0; path = sarangTests.xctest; sourceTree = BUILT_PRODUCTS_DIR; };
		229C33222DD597C0008387FD /* sarangUITests.xctest */ = {isa = PBXFileReference; explicitFileType = wrapper.cfbundle; includeInIndex = 0; path = sarangUITests.xctest; sourceTree = BUILT_PRODUCTS_DIR; };
/* End PBXFileReference section */

/* Begin PBXFileSystemSynchronizedRootGroup section */
		229C330D2DD597BF008387FD /* App */ = {
			isa = PBXFileSystemSynchronizedRootGroup;
			path = App;
			sourceTree = "<group>";
		};
		229C331B2DD597C0008387FD /* Tests */ = {
			isa = PBXFileSystemSynchronizedRootGroup;
			path = Tests;
			sourceTree = "<group>";
		};
		229C33252DD597C0008387FD /* UITests */ = {
			isa = PBXFileSystemSynchronizedRootGroup;
			path = UITests;
			sourceTree = "<group>";
		};
/* End PBXFileSystemSynchronizedRootGroup section */

/* Begin PBXFrameworksBuildPhase section */
		229C33082DD597BF008387FD /* Frameworks */ = {
			isa = PBXFrameworksBuildPhase;
			buildActionMask = 2147483647;
			files = (
				2262AAB42DE0F83200FCA52D /* FirebaseAppCheck in Frameworks */,
				2262AAB22DE0F83200FCA52D /* FirebaseAnalyticsWithoutAdIdSupport in Frameworks */,
				2200F9DD2DEB69F100D72CC0 /* FirebaseAnalytics in Frameworks */,
				2262AAB72DE0F87400FCA52D /* FirebaseFirestore in Frameworks */,
			);
			runOnlyForDeploymentPostprocessing = 0;
		};
		229C33152DD597C0008387FD /* Frameworks */ = {
			isa = PBXFrameworksBuildPhase;
			buildActionMask = 2147483647;
			files = (
			);
			runOnlyForDeploymentPostprocessing = 0;
		};
		229C331F2DD597C0008387FD /* Frameworks */ = {
			isa = PBXFrameworksBuildPhase;
			buildActionMask = 2147483647;
			files = (
			);
			runOnlyForDeploymentPostprocessing = 0;
		};
/* End PBXFrameworksBuildPhase section */

/* Begin PBXGroup section */
		2262AAB52DE0F87400FCA52D /* Frameworks */ = {
			isa = PBXGroup;
			children = (
			);
			name = Frameworks;
			sourceTree = "<group>";
		};
		229C33022DD597BF008387FD = {
			isa = PBXGroup;
			children = (
				229C330D2DD597BF008387FD /* App */,
				229C331B2DD597C0008387FD /* Tests */,
				229C33252DD597C0008387FD /* UITests */,
				229C330C2DD597BF008387FD /* Products */,
				2262AA9F2DE0F1DC00FCA52D /* .plist */,
				2262AAB52DE0F87400FCA52D /* Frameworks */,
			);
			sourceTree = "<group>";
		};
		229C330C2DD597BF008387FD /* Products */ = {
			isa = PBXGroup;
			children = (
				229C330B2DD597BF008387FD /* sarang.app */,
				229C33182DD597C0008387FD /* sarangTests.xctest */,
				229C33222DD597C0008387FD /* sarangUITests.xctest */,
			);
			name = Products;
			sourceTree = "<group>";
		};
/* End PBXGroup section */

/* Begin PBXNativeTarget section */
		229C330A2DD597BF008387FD /* sarang */ = {
			isa = PBXNativeTarget;
			buildConfigurationList = 229C332C2DD597C0008387FD /* Build configuration list for PBXNativeTarget "sarang" */;
			buildPhases = (
				229C33072DD597BF008387FD /* Sources */,
				229C33082DD597BF008387FD /* Frameworks */,
				229C33092DD597BF008387FD /* Resources */,
			);
			buildRules = (
			);
			dependencies = (
			);
			fileSystemSynchronizedGroups = (
				229C330D2DD597BF008387FD /* App */,
			);
			name = sarang;
			packageProductDependencies = (
				2262AAB12DE0F83200FCA52D /* FirebaseAnalyticsWithoutAdIdSupport */,
				2262AAB32DE0F83200FCA52D /* FirebaseAppCheck */,
				2262AAB62DE0F87400FCA52D /* FirebaseFirestore */,
				2200F9DC2DEB69F100D72CC0 /* FirebaseAnalytics */,
			);
			productName = sarang;
			productReference = 229C330B2DD597BF008387FD /* sarang.app */;
			productType = "com.apple.product-type.application";
		};
		229C33172DD597C0008387FD /* sarangTests */ = {
			isa = PBXNativeTarget;
			buildConfigurationList = 229C332F2DD597C0008387FD /* Build configuration list for PBXNativeTarget "sarangTests" */;
			buildPhases = (
				229C33142DD597C0008387FD /* Sources */,
				229C33152DD597C0008387FD /* Frameworks */,
				229C33162DD597C0008387FD /* Resources */,
			);
			buildRules = (
			);
			dependencies = (
				229C331A2DD597C0008387FD /* PBXTargetDependency */,
			);
			fileSystemSynchronizedGroups = (
				229C331B2DD597C0008387FD /* Tests */,
			);
			name = sarangTests;
			packageProductDependencies = (
			);
			productName = sarangTests;
			productReference = 229C33182DD597C0008387FD /* sarangTests.xctest */;
			productType = "com.apple.product-type.bundle.unit-test";
		};
		229C33212DD597C0008387FD /* sarangUITests */ = {
			isa = PBXNativeTarget;
			buildConfigurationList = 229C33322DD597C0008387FD /* Build configuration list for PBXNativeTarget "sarangUITests" */;
			buildPhases = (
				229C331E2DD597C0008387FD /* Sources */,
				229C331F2DD597C0008387FD /* Frameworks */,
				229C33202DD597C0008387FD /* Resources */,
			);
			buildRules = (
			);
			dependencies = (
				229C33242DD597C0008387FD /* PBXTargetDependency */,
			);
			fileSystemSynchronizedGroups = (
				229C33252DD597C0008387FD /* UITests */,
			);
			name = sarangUITests;
			packageProductDependencies = (
			);
			productName = sarangUITests;
			productReference = 229C33222DD597C0008387FD /* sarangUITests.xctest */;
			productType = "com.apple.product-type.bundle.ui-testing";
		};
/* End PBXNativeTarget section */

/* Begin PBXProject section */
		229C33032DD597BF008387FD /* Project object */ = {
			isa = PBXProject;
			attributes = {
				BuildIndependentTargetsInParallel = 1;
				LastSwiftUpdateCheck = 1630;
				LastUpgradeCheck = 1630;
				TargetAttributes = {
					229C330A2DD597BF008387FD = {
						CreatedOnToolsVersion = 16.3;
					};
					229C33172DD597C0008387FD = {
						CreatedOnToolsVersion = 16.3;
						TestTargetID = 229C330A2DD597BF008387FD;
					};
					229C33212DD597C0008387FD = {
						CreatedOnToolsVersion = 16.3;
						TestTargetID = 229C330A2DD597BF008387FD;
					};
				};
			};
			buildConfigurationList = 229C33062DD597BF008387FD /* Build configuration list for PBXProject "sarang" */;
			developmentRegion = en;
			hasScannedForEncodings = 0;
			knownRegions = (
				en,
				Base,
			);
			mainGroup = 229C33022DD597BF008387FD;
			minimizedProjectReferenceProxies = 1;
			packageReferences = (
				2262AAB02DE0F83200FCA52D /* XCRemoteSwiftPackageReference "firebase-ios-sdk" */,
			);
			preferredProjectObjectVersion = 77;
			productRefGroup = 229C330C2DD597BF008387FD /* Products */;
			projectDirPath = "";
			projectRoot = "";
			targets = (
				229C330A2DD597BF008387FD /* sarang */,
				229C33172DD597C0008387FD /* sarangTests */,
				229C33212DD597C0008387FD /* sarangUITests */,
			);
		};
/* End PBXProject section */

/* Begin PBXResourcesBuildPhase section */
		229C33092DD597BF008387FD /* Resources */ = {
			isa = PBXResourcesBuildPhase;
			buildActionMask = 2147483647;
			files = (
				2262AAA02DE0F1DC00FCA52D /* .plist in Resources */,
			);
			runOnlyForDeploymentPostprocessing = 0;
		};
		229C33162DD597C0008387FD /* Resources */ = {
			isa = PBXResourcesBuildPhase;
			buildActionMask = 2147483647;
			files = (
			);
			runOnlyForDeploymentPostprocessing = 0;
		};
		229C33202DD597C0008387FD /* Resources */ = {
			isa = PBXResourcesBuildPhase;
			buildActionMask = 2147483647;
			files = (
			);
			runOnlyForDeploymentPostprocessing = 0;
		};
/* End PBXResourcesBuildPhase section */

/* Begin PBXSourcesBuildPhase section */
		229C33072DD597BF008387FD /* Sources */ = {
			isa = PBXSourcesBuildPhase;
			buildActionMask = 2147483647;
			files = (
			);
			runOnlyForDeploymentPostprocessing = 0;
		};
		229C33142DD597C0008387FD /* Sources */ = {
			isa = PBXSourcesBuildPhase;
			buildActionMask = 2147483647;
			files = (
			);
			runOnlyForDeploymentPostprocessing = 0;
		};
		229C331E2DD597C0008387FD /* Sources */ = {
			isa = PBXSourcesBuildPhase;
			buildActionMask = 2147483647;
			files = (
			);
			runOnlyForDeploymentPostprocessing = 0;
		};
/* End PBXSourcesBuildPhase section */

/* Begin PBXTargetDependency section */
		229C331A2DD597C0008387FD /* PBXTargetDependency */ = {
			isa = PBXTargetDependency;
			target = 229C330A2DD597BF008387FD /* sarang */;
			targetProxy = 229C33192DD597C0008387FD /* PBXContainerItemProxy */;
		};
		229C33242DD597C0008387FD /* PBXTargetDependency */ = {
			isa = PBXTargetDependency;
			target = 229C330A2DD597BF008387FD /* sarang */;
			targetProxy = 229C33232DD597C0008387FD /* PBXContainerItemProxy */;
		};
/* End PBXTargetDependency section */

/* Begin XCBuildConfiguration section */
		229C332A2DD597C0008387FD /* Debug */ = {
			isa = XCBuildConfiguration;
			buildSettings = {
				ALWAYS_SEARCH_USER_PATHS = NO;
				ASSETCATALOG_COMPILER_GENERATE_SWIFT_ASSET_SYMBOL_EXTENSIONS = YES;
				CLANG_ANALYZER_NONNULL = YES;
				CLANG_ANALYZER_NUMBER_OBJECT_CONVERSION = YES_AGGRESSIVE;
				CLANG_CXX_LANGUAGE_STANDARD = "gnu++20";
				CLANG_ENABLE_MODULES = YES;
				CLANG_ENABLE_OBJC_ARC = YES;
				CLANG_ENABLE_OBJC_WEAK = YES;
				CLANG_WARN_BLOCK_CAPTURE_AUTORELEASING = YES;
				CLANG_WARN_BOOL_CONVERSION = YES;
				CLANG_WARN_COMMA = YES;
				CLANG_WARN_CONSTANT_CONVERSION = YES;
				CLANG_WARN_DEPRECATED_OBJC_IMPLEMENTATIONS = YES;
				CLANG_WARN_DIRECT_OBJC_ISA_USAGE = YES_ERROR;
				CLANG_WARN_DOCUMENTATION_COMMENTS = YES;
				CLANG_WARN_EMPTY_BODY = YES;
				CLANG_WARN_ENUM_CONVERSION = YES;
				CLANG_WARN_INFINITE_RECURSION = YES;
				CLANG_WARN_INT_CONVERSION = YES;
				CLANG_WARN_NON_LITERAL_NULL_CONVERSION = YES;
				CLANG_WARN_OBJC_IMPLICIT_RETAIN_SELF = YES;
				CLANG_WARN_OBJC_LITERAL_CONVERSION = YES;
				CLANG_WARN_OBJC_ROOT_CLASS = YES_ERROR;
				CLANG_WARN_QUOTED_INCLUDE_IN_FRAMEWORK_HEADER = YES;
				CLANG_WARN_RANGE_LOOP_ANALYSIS = YES;
				CLANG_WARN_STRICT_PROTOTYPES = YES;
				CLANG_WARN_SUSPICIOUS_MOVE = YES;
				CLANG_WARN_UNGUARDED_AVAILABILITY = YES_AGGRESSIVE;
				CLANG_WARN_UNREACHABLE_CODE = YES;
				CLANG_WARN__DUPLICATE_METHOD_MATCH = YES;
				COPY_PHASE_STRIP = NO;
				DEBUG_INFORMATION_FORMAT = dwarf;
				ENABLE_STRICT_OBJC_MSGSEND = YES;
				ENABLE_TESTABILITY = YES;
				ENABLE_USER_SCRIPT_SANDBOXING = YES;
				GCC_C_LANGUAGE_STANDARD = gnu17;
				GCC_DYNAMIC_NO_PIC = NO;
				GCC_NO_COMMON_BLOCKS = YES;
				GCC_OPTIMIZATION_LEVEL = 0;
				GCC_PREPROCESSOR_DEFINITIONS = (
					"DEBUG=1",
					"$(inherited)",
				);
				GCC_WARN_64_TO_32_BIT_CONVERSION = YES;
				GCC_WARN_ABOUT_RETURN_TYPE = YES_ERROR;
				GCC_WARN_UNDECLARED_SELECTOR = YES;
				GCC_WARN_UNINITIALIZED_AUTOS = YES_AGGRESSIVE;
				GCC_WARN_UNUSED_FUNCTION = YES;
				GCC_WARN_UNUSED_VARIABLE = YES;
				IPHONEOS_DEPLOYMENT_TARGET = 18.4;
				LOCALIZATION_PREFERS_STRING_CATALOGS = YES;
				MTL_ENABLE_DEBUG_INFO = INCLUDE_SOURCE;
				MTL_FAST_MATH = YES;
				ONLY_ACTIVE_ARCH = YES;
				SDKROOT = iphoneos;
				SWIFT_ACTIVE_COMPILATION_CONDITIONS = "DEBUG $(inherited)";
				SWIFT_OPTIMIZATION_LEVEL = "-Onone";
			};
			name = Debug;
		};
		229C332B2DD597C0008387FD /* Release */ = {
			isa = XCBuildConfiguration;
			buildSettings = {
				ALWAYS_SEARCH_USER_PATHS = NO;
				ASSETCATALOG_COMPILER_GENERATE_SWIFT_ASSET_SYMBOL_EXTENSIONS = YES;
				CLANG_ANALYZER_NONNULL = YES;
				CLANG_ANALYZER_NUMBER_OBJECT_CONVERSION = YES_AGGRESSIVE;
				CLANG_CXX_LANGUAGE_STANDARD = "gnu++20";
				CLANG_ENABLE_MODULES = YES;
				CLANG_ENABLE_OBJC_ARC = YES;
				CLANG_ENABLE_OBJC_WEAK = YES;
				CLANG_WARN_BLOCK_CAPTURE_AUTORELEASING = YES;
				CLANG_WARN_BOOL_CONVERSION = YES;
				CLANG_WARN_COMMA = YES;
				CLANG_WARN_CONSTANT_CONVERSION = YES;
				CLANG_WARN_DEPRECATED_OBJC_IMPLEMENTATIONS = YES;
				CLANG_WARN_DIRECT_OBJC_ISA_USAGE = YES_ERROR;
				CLANG_WARN_DOCUMENTATION_COMMENTS = YES;
				CLANG_WARN_EMPTY_BODY = YES;
				CLANG_WARN_ENUM_CONVERSION = YES;
				CLANG_WARN_INFINITE_RECURSION = YES;
				CLANG_WARN_INT_CONVERSION = YES;
				CLANG_WARN_NON_LITERAL_NULL_CONVERSION = YES;
				CLANG_WARN_OBJC_IMPLICIT_RETAIN_SELF = YES;
				CLANG_WARN_OBJC_LITERAL_CONVERSION = YES;
				CLANG_WARN_OBJC_ROOT_CLASS = YES_ERROR;
				CLANG_WARN_QUOTED_INCLUDE_IN_FRAMEWORK_HEADER = YES;
				CLANG_WARN_RANGE_LOOP_ANALYSIS = YES;
				CLANG_WARN_STRICT_PROTOTYPES = YES;
				CLANG_WARN_SUSPICIOUS_MOVE = YES;
				CLANG_WARN_UNGUARDED_AVAILABILITY = YES_AGGRESSIVE;
				CLANG_WARN_UNREACHABLE_CODE = YES;
				CLANG_WARN__DUPLICATE_METHOD_MATCH = YES;
				COPY_PHASE_STRIP = NO;
				DEBUG_INFORMATION_FORMAT = "dwarf-with-dsym";
				ENABLE_NS_ASSERTIONS = NO;
				ENABLE_STRICT_OBJC_MSGSEND = YES;
				ENABLE_USER_SCRIPT_SANDBOXING = YES;
				GCC_C_LANGUAGE_STANDARD = gnu17;
				GCC_NO_COMMON_BLOCKS = YES;
				GCC_WARN_64_TO_32_BIT_CONVERSION = YES;
				GCC_WARN_ABOUT_RETURN_TYPE = YES_ERROR;
				GCC_WARN_UNDECLARED_SELECTOR = YES;
				GCC_WARN_UNINITIALIZED_AUTOS = YES_AGGRESSIVE;
				GCC_WARN_UNUSED_FUNCTION = YES;
				GCC_WARN_UNUSED_VARIABLE = YES;
				IPHONEOS_DEPLOYMENT_TARGET = 18.4;
				LOCALIZATION_PREFERS_STRING_CATALOGS = YES;
				MTL_ENABLE_DEBUG_INFO = NO;
				MTL_FAST_MATH = YES;
				SDKROOT = iphoneos;
				SWIFT_COMPILATION_MODE = wholemodule;
				VALIDATE_PRODUCT = YES;
			};
			name = Release;
		};
		229C332D2DD597C0008387FD /* Debug */ = {
			isa = XCBuildConfiguration;
			buildSettings = {
				ASSETCATALOG_COMPILER_APPICON_NAME = AppIcon;
				ASSETCATALOG_COMPILER_GLOBAL_ACCENT_COLOR_NAME = AccentColor;
				CODE_SIGN_STYLE = Automatic;
				CURRENT_PROJECT_VERSION = 1;
				ENABLE_PREVIEWS = YES;
				GENERATE_INFOPLIST_FILE = YES;
				INFOPLIST_KEY_UIApplicationSceneManifest_Generation = YES;
				INFOPLIST_KEY_UIApplicationSupportsIndirectInputEvents = YES;
				INFOPLIST_KEY_UILaunchScreen_Generation = YES;
				INFOPLIST_KEY_UISupportedInterfaceOrientations_iPad = "UIInterfaceOrientationPortrait UIInterfaceOrientationPortraitUpsideDown UIInterfaceOrientationLandscapeLeft UIInterfaceOrientationLandscapeRight";
				INFOPLIST_KEY_UISupportedInterfaceOrientations_iPhone = "UIInterfaceOrientationPortrait UIInterfaceOrientationLandscapeLeft UIInterfaceOrientationLandscapeRight";
				LD_RUNPATH_SEARCH_PATHS = (
					"$(inherited)",
					"@executable_path/Frameworks",
				);
				MARKETING_VERSION = 1.0;
				PRODUCT_BUNDLE_IDENTIFIER = com.samuellee.sarang;
				PRODUCT_NAME = "$(TARGET_NAME)";
				SWIFT_EMIT_LOC_STRINGS = YES;
				SWIFT_VERSION = 5.0;
				TARGETED_DEVICE_FAMILY = "1,2";
			};
			name = Debug;
		};
		229C332E2DD597C0008387FD /* Release */ = {
			isa = XCBuildConfiguration;
			buildSettings = {
				ASSETCATALOG_COMPILER_APPICON_NAME = AppIcon;
				ASSETCATALOG_COMPILER_GLOBAL_ACCENT_COLOR_NAME = AccentColor;
				CODE_SIGN_STYLE = Automatic;
				CURRENT_PROJECT_VERSION = 1;
				ENABLE_PREVIEWS = YES;
				GENERATE_INFOPLIST_FILE = YES;
				INFOPLIST_KEY_UIApplicationSceneManifest_Generation = YES;
				INFOPLIST_KEY_UIApplicationSupportsIndirectInputEvents = YES;
				INFOPLIST_KEY_UILaunchScreen_Generation = YES;
				INFOPLIST_KEY_UISupportedInterfaceOrientations_iPad = "UIInterfaceOrientationPortrait UIInterfaceOrientationPortraitUpsideDown UIInterfaceOrientationLandscapeLeft UIInterfaceOrientationLandscapeRight";
				INFOPLIST_KEY_UISupportedInterfaceOrientations_iPhone = "UIInterfaceOrientationPortrait UIInterfaceOrientationLandscapeLeft UIInterfaceOrientationLandscapeRight";
				LD_RUNPATH_SEARCH_PATHS = (
					"$(inherited)",
					"@executable_path/Frameworks",
				);
				MARKETING_VERSION = 1.0;
				PRODUCT_BUNDLE_IDENTIFIER = com.samuellee.sarang;
				PRODUCT_NAME = "$(TARGET_NAME)";
				SWIFT_EMIT_LOC_STRINGS = YES;
				SWIFT_VERSION = 5.0;
				TARGETED_DEVICE_FAMILY = "1,2";
			};
			name = Release;
		};
		229C33302DD597C0008387FD /* Debug */ = {
			isa = XCBuildConfiguration;
			buildSettings = {
				BUNDLE_LOADER = "$(TEST_HOST)";
				CODE_SIGN_STYLE = Automatic;
				CURRENT_PROJECT_VERSION = 1;
				GENERATE_INFOPLIST_FILE = YES;
				IPHONEOS_DEPLOYMENT_TARGET = 18.4;
				MARKETING_VERSION = 1.0;
				PRODUCT_BUNDLE_IDENTIFIER = com.samuellee.sarangTests;
				PRODUCT_NAME = "$(TARGET_NAME)";
				SWIFT_EMIT_LOC_STRINGS = NO;
				SWIFT_VERSION = 5.0;
				TARGETED_DEVICE_FAMILY = "1,2";
				TEST_HOST = "$(BUILT_PRODUCTS_DIR)/sarang.app/$(BUNDLE_EXECUTABLE_FOLDER_PATH)/sarang";
			};
			name = Debug;
		};
		229C33312DD597C0008387FD /* Release */ = {
			isa = XCBuildConfiguration;
			buildSettings = {
				BUNDLE_LOADER = "$(TEST_HOST)";
				CODE_SIGN_STYLE = Automatic;
				CURRENT_PROJECT_VERSION = 1;
				GENERATE_INFOPLIST_FILE = YES;
				IPHONEOS_DEPLOYMENT_TARGET = 18.4;
				MARKETING_VERSION = 1.0;
				PRODUCT_BUNDLE_IDENTIFIER = com.samuellee.sarangTests;
				PRODUCT_NAME = "$(TARGET_NAME)";
				SWIFT_EMIT_LOC_STRINGS = NO;
				SWIFT_VERSION = 5.0;
				TARGETED_DEVICE_FAMILY = "1,2";
				TEST_HOST = "$(BUILT_PRODUCTS_DIR)/sarang.app/$(BUNDLE_EXECUTABLE_FOLDER_PATH)/sarang";
			};
			name = Release;
		};
		229C33332DD597C0008387FD /* Debug */ = {
			isa = XCBuildConfiguration;
			buildSettings = {
				CODE_SIGN_STYLE = Automatic;
				CURRENT_PROJECT_VERSION = 1;
				GENERATE_INFOPLIST_FILE = YES;
				MARKETING_VERSION = 1.0;
				PRODUCT_BUNDLE_IDENTIFIER = com.samuellee.sarangUITests;
				PRODUCT_NAME = "$(TARGET_NAME)";
				SWIFT_EMIT_LOC_STRINGS = NO;
				SWIFT_VERSION = 5.0;
				TARGETED_DEVICE_FAMILY = "1,2";
				TEST_TARGET_NAME = sarang;
			};
			name = Debug;
		};
		229C33342DD597C0008387FD /* Release */ = {
			isa = XCBuildConfiguration;
			buildSettings = {
				CODE_SIGN_STYLE = Automatic;
				CURRENT_PROJECT_VERSION = 1;
				GENERATE_INFOPLIST_FILE = YES;
				MARKETING_VERSION = 1.0;
				PRODUCT_BUNDLE_IDENTIFIER = com.samuellee.sarangUITests;
				PRODUCT_NAME = "$(TARGET_NAME)";
				SWIFT_EMIT_LOC_STRINGS = NO;
				SWIFT_VERSION = 5.0;
				TARGETED_DEVICE_FAMILY = "1,2";
				TEST_TARGET_NAME = sarang;
			};
			name = Release;
		};
/* End XCBuildConfiguration section */

/* Begin XCConfigurationList section */
		229C33062DD597BF008387FD /* Build configuration list for PBXProject "sarang" */ = {
			isa = XCConfigurationList;
			buildConfigurations = (
				229C332A2DD597C0008387FD /* Debug */,
				229C332B2DD597C0008387FD /* Release */,
			);
			defaultConfigurationIsVisible = 0;
			defaultConfigurationName = Release;
		};
		229C332C2DD597C0008387FD /* Build configuration list for PBXNativeTarget "sarang" */ = {
			isa = XCConfigurationList;
			buildConfigurations = (
				229C332D2DD597C0008387FD /* Debug */,
				229C332E2DD597C0008387FD /* Release */,
			);
			defaultConfigurationIsVisible = 0;
			defaultConfigurationName = Release;
		};
		229C332F2DD597C0008387FD /* Build configuration list for PBXNativeTarget "sarangTests" */ = {
			isa = XCConfigurationList;
			buildConfigurations = (
				229C33302DD597C0008387FD /* Debug */,
				229C33312DD597C0008387FD /* Release */,
			);
			defaultConfigurationIsVisible = 0;
			defaultConfigurationName = Release;
		};
		229C33322DD597C0008387FD /* Build configuration list for PBXNativeTarget "sarangUITests" */ = {
			isa = XCConfigurationList;
			buildConfigurations = (
				229C33332DD597C0008387FD /* Debug */,
				229C33342DD597C0008387FD /* Release */,
			);
			defaultConfigurationIsVisible = 0;
			defaultConfigurationName = Release;
		};
/* End XCConfigurationList section */

/* Begin XCRemoteSwiftPackageReference section */
		2262AAB02DE0F83200FCA52D /* XCRemoteSwiftPackageReference "firebase-ios-sdk" */ = {
			isa = XCRemoteSwiftPackageReference;
			repositoryURL = "https://github.com/firebase/firebase-ios-sdk";
			requirement = {
				kind = upToNextMajorVersion;
				minimumVersion = 11.13.0;
			};
		};
/* End XCRemoteSwiftPackageReference section */

/* Begin XCSwiftPackageProductDependency section */
		2200F9DC2DEB69F100D72CC0 /* FirebaseAnalytics */ = {
			isa = XCSwiftPackageProductDependency;
			package = 2262AAB02DE0F83200FCA52D /* XCRemoteSwiftPackageReference "firebase-ios-sdk" */;
			productName = FirebaseAnalytics;
		};
		2262AAB12DE0F83200FCA52D /* FirebaseAnalyticsWithoutAdIdSupport */ = {
			isa = XCSwiftPackageProductDependency;
			package = 2262AAB02DE0F83200FCA52D /* XCRemoteSwiftPackageReference "firebase-ios-sdk" */;
			productName = FirebaseAnalyticsWithoutAdIdSupport;
		};
		2262AAB32DE0F83200FCA52D /* FirebaseAppCheck */ = {
			isa = XCSwiftPackageProductDependency;
			package = 2262AAB02DE0F83200FCA52D /* XCRemoteSwiftPackageReference "firebase-ios-sdk" */;
			productName = FirebaseAppCheck;
		};
		2262AAB62DE0F87400FCA52D /* FirebaseFirestore */ = {
			isa = XCSwiftPackageProductDependency;
			package = 2262AAB02DE0F83200FCA52D /* XCRemoteSwiftPackageReference "firebase-ios-sdk" */;
			productName = FirebaseFirestore;
		};
/* End XCSwiftPackageProductDependency section */
	};
	rootObject = 229C33032DD597BF008387FD /* Project object */;
}
